
Microsoft Visual Studio Solution File, Format Version 12.00
# Visual Studio 15
VisualStudioVersion = 15.0.27130.2024
MinimumVisualStudioVersion = 10.0.40219.1
Project("{FAE04EC0-301F-11D3-BF4B-00C04F79EFBC}") = "0.StartUpTemplate", "StartUpTemplate\0.StartUpTemplate.csproj", "{E40A4AAB-9A51-4366-9783-574C7A05A5D4}"
EndProject
Project("{FAE04EC0-301F-11D3-BF4B-00C04F79EFBC}") = "1.Sum and Average", "Sum and Average\1.Sum and Average.csproj", "{D49B7B26-7D05-4810-A095-BDB13D820CF3}"
EndProject
Project("{FAE04EC0-301F-11D3-BF4B-00C04F79EFBC}") = "2.Sort Words", "ConsoleApp1\2.Sort Words.csproj", "{69BE6FA4-20F0-47AB-9EC5-58E8E1C8B9A5}"
EndProject
Project("{FAE04EC0-301F-11D3-BF4B-00C04F79EFBC}") = "3.Longest Subsequence", "Longest Subsequence\3.Longest Subsequence.csproj", "{A813156A-C5E9-4773-982B-FD7BC3E82B4F}"
EndProject
Project("{FAE04EC0-301F-11D3-BF4B-00C04F79EFBC}") = "4.RemoveOddOccurrences", "RemoveOddOccurrences\4.RemoveOddOccurrences.csproj", "{A887D940-F8BA-4CA8-9D2C-92012D42650E}"
EndProject
Project("{FAE04EC0-301F-11D3-BF4B-00C04F79EFBC}") = "5.Count of Occurrences", "5.Count of Occurrences\5.Count of Occurrences.csproj", "{AB94FF4E-5E43-4B43-B11A-BCE49C3B9A6D}"
EndProject
Global
	GlobalSection(SolutionConfigurationPlatforms) = preSolution
		Debug|Any CPU = Debug|Any CPU
		Release|Any CPU = Release|Any CPU
	EndGlobalSection
	GlobalSection(ProjectConfigurationPlatforms) = postSolution
		{E40A4AAB-9A51-4366-9783-574C7A05A5D4}.Debug|Any CPU.ActiveCfg = Debug|Any CPU
		{E40A4AAB-9A51-4366-9783-574C7A05A5D4}.Debug|Any CPU.Build.0 = Debug|Any CPU
		{E40A4AAB-9A51-4366-9783-574C7A05A5D4}.Release|Any CPU.ActiveCfg = Release|Any CPU
		{E40A4AAB-9A51-4366-9783-574C7A05A5D4}.Release|Any CPU.Build.0 = Release|Any CPU
		{D49B7B26-7D05-4810-A095-BDB13D820CF3}.Debug|Any CPU.ActiveCfg = Debug|Any CPU
		{D49B7B26-7D05-4810-A095-BDB13D820CF3}.Debug|Any CPU.Build.0 = Debug|Any CPU
		{D49B7B26-7D05-4810-A095-BDB13D820CF3}.Release|Any CPU.ActiveCfg = Release|Any CPU
		{D49B7B26-7D05-4810-A095-BDB13D820CF3}.Release|Any CPU.Build.0 = Release|Any CPU
		{69BE6FA4-20F0-47AB-9EC5-58E8E1C8B9A5}.Debug|Any CPU.ActiveCfg = Debug|Any CPU
		{69BE6FA4-20F0-47AB-9EC5-58E8E1C8B9A5}.Debug|Any CPU.Build.0 = Debug|Any CPU
		{69BE6FA4-20F0-47AB-9EC5-58E8E1C8B9A5}.Release|Any CPU.ActiveCfg = Release|Any CPU
		{69BE6FA4-20F0-47AB-9EC5-58E8E1C8B9A5}.Release|Any CPU.Build.0 = Release|Any CPU
		{A813156A-C5E9-4773-982B-FD7BC3E82B4F}.Debug|Any CPU.ActiveCfg = Debug|Any CPU
		{A813156A-C5E9-4773-982B-FD7BC3E82B4F}.Debug|Any CPU.Build.0 = Debug|Any CPU
		{A813156A-C5E9-4773-982B-FD7BC3E82B4F}.Release|Any CPU.ActiveCfg = Release|Any CPU
		{A813156A-C5E9-4773-982B-FD7BC3E82B4F}.Release|Any CPU.Build.0 = Release|Any CPU
		{A887D940-F8BA-4CA8-9D2C-92012D42650E}.Debug|Any CPU.ActiveCfg = Debug|Any CPU
		{A887D940-F8BA-4CA8-9D2C-92012D42650E}.Debug|Any CPU.Build.0 = Debug|Any CPU
		{A887D940-F8BA-4CA8-9D2C-92012D42650E}.Release|Any CPU.ActiveCfg = Release|Any CPU
		{A887D940-F8BA-4CA8-9D2C-92012D42650E}.Release|Any CPU.Build.0 = Release|Any CPU
		{AB94FF4E-5E43-4B43-B11A-BCE49C3B9A6D}.Debug|Any CPU.ActiveCfg = Debug|Any CPU
		{AB94FF4E-5E43-4B43-B11A-BCE49C3B9A6D}.Debug|Any CPU.Build.0 = Debug|Any CPU
		{AB94FF4E-5E43-4B43-B11A-BCE49C3B9A6D}.Release|Any CPU.ActiveCfg = Release|Any CPU
		{AB94FF4E-5E43-4B43-B11A-BCE49C3B9A6D}.Release|Any CPU.Build.0 = Release|Any CPU
	EndGlobalSection
	GlobalSection(SolutionProperties) = preSolution
		HideSolutionNode = FALSE
	EndGlobalSection
	GlobalSection(ExtensibilityGlobals) = postSolution
		SolutionGuid = {9655A174-98C8-4CF9-A44C-0BF22B6D24D0}
	EndGlobalSection
EndGlobal
